
Microsoft Visual Studio Solution File, Format Version 12.00
# Visual Studio Express 2012 for Windows Desktop
Project("{FAE04EC0-301F-11D3-BF4B-00C04F79EFBC}") = "Cafeteria Ordering System", "Cafeteria Ordering System\Cafeteria Ordering System.csproj", "{1C308A66-3A84-4F8B-8F58-43794A68C3E3}"
EndProject
Global
	GlobalSection(SolutionConfigurationPlatforms) = preSolution
		Debug|Any CPU = Debug|Any CPU
		Release|Any CPU = Release|Any CPU
	EndGlobalSection
	GlobalSection(ProjectConfigurationPlatforms) = postSolution
		{1C308A66-3A84-4F8B-8F58-43794A68C3E3}.Debug|Any CPU.ActiveCfg = Debug|Any CPU
		{1C308A66-3A84-4F8B-8F58-43794A68C3E3}.Debug|Any CPU.Build.0 = Debug|Any CPU
		{1C308A66-3A84-4F8B-8F58-43794A68C3E3}.Release|Any CPU.ActiveCfg = Release|Any CPU
		{1C308A66-3A84-4F8B-8F58-43794A68C3E3}.Release|Any CPU.Build.0 = Release|Any CPU
	EndGlobalSection
	GlobalSection(SolutionProperties) = preSolution
		HideSolutionNode = FALSE
	EndGlobalSection
EndGlobal
